{
  "requires": true,
  "lockfileVersion": 1,
  "dependencies": {
    "@angular/common": {
      "version": "7.0.0",
      "resolved": "https://registry.npmjs.org/@angular/common/-/common-7.0.0.tgz",
      "integrity": "sha512-jp6MA6EOq/a1m+F0c1aZC345pAYYYFpN1m7GMM91JlqkjzJMhyYVk+Bod9xQOEWadcpY+RFudG+jRsPCMO8bvQ==",
      "requires": {
        "tslib": "^1.9.0"
      }
    },
    "@angular/core": {
      "version": "7.0.0",
      "resolved": "https://registry.npmjs.org/@angular/core/-/core-7.0.0.tgz",
      "integrity": "sha512-DjVyWNGBWKEeBvxeXy8FGBNlnr/W/tNygOZEd6/uCktcXTG4DNyNQrWuNZUKEpr7RuIT3YVMj+UNwgTq0jB/9g==",
      "requires": {
        "tslib": "^1.9.0"
      }
    },
    "@angular/platform-browser": {
      "version": "7.0.0",
      "resolved": "https://registry.npmjs.org/@angular/platform-browser/-/platform-browser-7.0.0.tgz",
      "integrity": "sha512-XyvL30d6meJ+SXlOmdR+sxoLdSvkQdmVNvpdvUzAHC/EqwA/byg4V3bTe5lpZmypclgFCjkGoTsz6uOnnwlQhw==",
      "requires": {
        "tslib": "^1.9.0"
      }
    },
    "@ionic-native/splash-screen": {
      "version": "4.16.0",
      "resolved": "https://registry.npmjs.org/@ionic-native/splash-screen/-/splash-screen-4.16.0.tgz",
      "integrity": "sha512-R4oMpPQQVfCb1Wjm9Y2qYFeHDH5yuwKBDc+qLDPmgME+xqPns9j0Eb9Da+Dk3JIQyCNkAlgKiCnXBWw7RvESbA=="
    },
    "@ionic-native/status-bar": {
      "version": "4.16.0",
      "resolved": "https://registry.npmjs.org/@ionic-native/status-bar/-/status-bar-4.16.0.tgz",
      "integrity": "sha512-FHqK8pDAalPAzJNpM2cPVyj5wG356yUw/JnB4Ti4Yx4qbvlN/gwKEq/OLEzyhyyj0RLfkYlo22IT2t+kOQUo1g=="
    },
    "angular": {
      "version": "1.7.5",
      "resolved": "https://registry.npmjs.org/angular/-/angular-1.7.5.tgz",
      "integrity": "sha512-760183yxtGzni740IBTieNuWLtPNAoMqvmC0Z62UoU0I3nqk+VJuO3JbQAXOyvo3Oy/ZsdNQwrSTh/B0OQZjNw=="
    },
    "ionic-angular": {
      "version": "3.9.2",
      "resolved": "https://registry.npmjs.org/ionic-angular/-/ionic-angular-3.9.2.tgz",
      "integrity": "sha512-BEZ6magY1i5GwM9ki/MOpszUz62+g518HsGICtw9TE1D4v9Eb6n/o7e+X0vtvpK4TdouFjQ8r5XA9VPAKW9/+Q=="
    },
    "tslib": {
      "version": "1.9.3",
      "resolved": "https://registry.npmjs.org/tslib/-/tslib-1.9.3.tgz",
      "integrity": "sha512-4krF8scpejhaOgqzBEcGM7yDIEfi0/8+8zDRZhNZZ2kjmHJ4hv3zCbQWxoJGz1iw5U0Jl0nma13xzHXcncMavQ=="
    }
  }
}
